{
    "_readme": [
        "This file locks the dependencies of your project to a known state",
        "Read more about it at https://getcomposer.org/doc/01-basic-usage.md#composer-lock-the-lock-file",
        "This file is @generated automatically"
    ],
    "hash": "6e4cedbf27568d53866643fca2946fb5",
    "content-hash": "7a016dfb24cd2d5b903837240860b468",
    "packages": [
        {
            "name": "erusev/parsedown",
            "version": "1.6.0",
            "source": {
                "type": "git",
                "url": "https://github.com/erusev/parsedown.git",
                "reference": "3ebbd730b5c2cf5ce78bc1bf64071407fc6674b7"
            },
            "dist": {
                "type": "zip",
                "url": "https://api.github.com/repos/erusev/parsedown/zipball/3ebbd730b5c2cf5ce78bc1bf64071407fc6674b7",
                "reference": "3ebbd730b5c2cf5ce78bc1bf64071407fc6674b7",
                "shasum": ""
            },
            "type": "library",
            "autoload": {
                "psr-0": {
                    "Parsedown": ""
                }
            },
            "notification-url": "https://packagist.org/downloads/",
            "license": [
                "MIT"
            ],
            "authors": [
                {
                    "name": "Emanuil Rusev",
                    "email": "hello@erusev.com",
                    "homepage": "http://erusev.com"
                }
            ],
            "description": "Parser for Markdown.",
            "homepage": "http://parsedown.org",
            "keywords": [
                "markdown",
                "parser"
            ],
            "time": "2015-10-04 16:44:32"
        },
        {
            "name": "ircmaxell/password-compat",
            "version": "v1.0.4",
            "source": {
                "type": "git",
                "url": "https://github.com/ircmaxell/password_compat.git",
                "reference": "5c5cde8822a69545767f7c7f3058cb15ff84614c"
            },
            "dist": {
                "type": "zip",
                "url": "https://api.github.com/repos/ircmaxell/password_compat/zipball/5c5cde8822a69545767f7c7f3058cb15ff84614c",
                "reference": "5c5cde8822a69545767f7c7f3058cb15ff84614c",
                "shasum": ""
            },
            "require-dev": {
                "phpunit/phpunit": "4.*"
            },
            "type": "library",
            "autoload": {
                "files": [
                    "lib/password.php"
                ]
            },
            "notification-url": "https://packagist.org/downloads/",
            "license": [
                "MIT"
            ],
            "authors": [
                {
                    "name": "Anthony Ferrara",
                    "email": "ircmaxell@php.net",
                    "homepage": "http://blog.ircmaxell.com"
                }
            ],
            "description": "A compatibility library for the proposed simplified password hashing algorithm: https://wiki.php.net/rfc/password_hash",
            "homepage": "https://github.com/ircmaxell/password_compat",
            "keywords": [
                "hashing",
                "password"
            ],
            "time": "2014-11-20 16:49:30"
        },
        {
            "name": "psr/log",
            "version": "1.0.0",
            "source": {
                "type": "git",
                "url": "https://github.com/php-fig/log.git",
                "reference": "fe0936ee26643249e916849d48e3a51d5f5e278b"
            },
            "dist": {
                "type": "zip",
                "url": "https://api.github.com/repos/php-fig/log/zipball/fe0936ee26643249e916849d48e3a51d5f5e278b",
                "reference": "fe0936ee26643249e916849d48e3a51d5f5e278b",
                "shasum": ""
            },
            "type": "library",
            "autoload": {
                "psr-0": {
                    "Psr\\Log\\": ""
                }
            },
            "notification-url": "https://packagist.org/downloads/",
            "license": [
                "MIT"
            ],
            "authors": [
                {
                    "name": "PHP-FIG",
                    "homepage": "http://www.php-fig.org/"
                }
            ],
            "description": "Common interface for logging libraries",
            "keywords": [
                "log",
                "psr",
                "psr-3"
            ],
            "time": "2012-12-21 11:40:51"
        },
        {
            "name": "symfony/filesystem",
            "version": "v2.7.6",
            "source": {
                "type": "git",
                "url": "https://github.com/symfony/filesystem.git",
                "reference": "56fd6df73be859323ff97418d97edc1d756df6df"
            },
            "dist": {
                "type": "zip",
                "url": "https://api.github.com/repos/symfony/filesystem/zipball/56fd6df73be859323ff97418d97edc1d756df6df",
                "reference": "56fd6df73be859323ff97418d97edc1d756df6df",
                "shasum": ""
            },
            "require": {
                "php": ">=5.3.9"
            },
            "type": "library",
            "extra": {
                "branch-alias": {
                    "dev-master": "2.7-dev"
                }
            },
            "autoload": {
                "psr-4": {
                    "Symfony\\Component\\Filesystem\\": ""
                }
            },
            "notification-url": "https://packagist.org/downloads/",
            "license": [
                "MIT"
            ],
            "authors": [
                {
                    "name": "Fabien Potencier",
                    "email": "fabien@symfony.com"
                },
                {
                    "name": "Symfony Community",
                    "homepage": "https://symfony.com/contributors"
                }
            ],
            "description": "Symfony Filesystem Component",
            "homepage": "https://symfony.com",
            "time": "2015-10-18 20:23:18"
        },
        {
            "name": "twig/extensions",
            "version": "v1.3.0",
            "source": {
                "type": "git",
                "url": "https://github.com/twigphp/Twig-extensions.git",
                "reference": "449e3c8a9ffad7c2479c7864557275a32b037499"
            },
            "dist": {
                "type": "zip",
                "url": "https://api.github.com/repos/twigphp/Twig-extensions/zipball/449e3c8a9ffad7c2479c7864557275a32b037499",
                "reference": "449e3c8a9ffad7c2479c7864557275a32b037499",
                "shasum": ""
            },
            "require": {
                "twig/twig": "~1.20|~2.0"
            },
            "require-dev": {
                "symfony/translation": "~2.3"
            },
            "suggest": {
                "symfony/translation": "Allow the time_diff output to be translated"
            },
            "type": "library",
            "extra": {
                "branch-alias": {
                    "dev-master": "1.3-dev"
                }
            },
            "autoload": {
                "psr-0": {
                    "Twig_Extensions_": "lib/"
                }
            },
            "notification-url": "https://packagist.org/downloads/",
            "license": [
                "MIT"
            ],
            "authors": [
                {
                    "name": "Fabien Potencier",
                    "email": "fabien@symfony.com"
                }
            ],
            "description": "Common additional features for Twig that do not directly belong in core",
            "homepage": "http://twig.sensiolabs.org/doc/extensions/index.html",
            "keywords": [
                "i18n",
                "text"
            ],
            "time": "2015-08-22 16:38:35"
        },
        {
            "name": "twig/twig",
            "version": "v1.23.0",
            "source": {
                "type": "git",
                "url": "https://github.com/twigphp/Twig.git",
                "reference": "5868cd822fd6cf626d5f805439575f9c323cee2a"
            },
            "dist": {
                "type": "zip",
                "url": "https://api.github.com/repos/twigphp/Twig/zipball/5868cd822fd6cf626d5f805439575f9c323cee2a",
                "reference": "5868cd822fd6cf626d5f805439575f9c323cee2a",
                "shasum": ""
            },
            "require": {
                "php": ">=5.2.7"
            },
            "require-dev": {
                "symfony/debug": "~2.7",
                "symfony/phpunit-bridge": "~2.7"
            },
            "type": "library",
            "extra": {
                "branch-alias": {
                    "dev-master": "1.23-dev"
                }
            },
            "autoload": {
                "psr-0": {
                    "Twig_": "lib/"
                }
            },
            "notification-url": "https://packagist.org/downloads/",
            "license": [
                "BSD-3-Clause"
            ],
            "authors": [
                {
                    "name": "Fabien Potencier",
                    "email": "fabien@symfony.com",
                    "homepage": "http://fabien.potencier.org",
                    "role": "Lead Developer"
                },
                {
                    "name": "Armin Ronacher",
                    "email": "armin.ronacher@active-4.com",
                    "role": "Project Founder"
                },
                {
                    "name": "Twig Team",
                    "homepage": "http://twig.sensiolabs.org/contributors",
                    "role": "Contributors"
                }
            ],
            "description": "Twig, the flexible, fast, and secure template language for PHP",
            "homepage": "http://twig.sensiolabs.org",
            "keywords": [
                "templating"
            ],
            "time": "2015-10-29 23:29:01"
        },
        {
            "name": "vlucas/phpdotenv",
            "version": "v2.1.0",
            "source": {
                "type": "git",
                "url": "https://github.com/vlucas/phpdotenv.git",
                "reference": "c10040e0df17d2ee88e9212b50cbe9319e878f59"
            },
            "dist": {
                "type": "zip",
                "url": "https://api.github.com/repos/vlucas/phpdotenv/zipball/c10040e0df17d2ee88e9212b50cbe9319e878f59",
                "reference": "c10040e0df17d2ee88e9212b50cbe9319e878f59",
                "shasum": ""
            },
            "require": {
                "php": ">=5.3.9"
            },
            "require-dev": {
                "phpunit/phpunit": "~4.0"
            },
            "type": "library",
            "extra": {
                "branch-alias": {
                    "dev-master": "2.1-dev"
                }
            },
            "autoload": {
                "psr-4": {
                    "Dotenv\\": "src/"
                }
            },
            "notification-url": "https://packagist.org/downloads/",
            "license": [
                "BSD"
            ],
            "authors": [
                {
                    "name": "Vance Lucas",
                    "email": "vance@vancelucas.com",
                    "homepage": "http://www.vancelucas.com"
                }
            ],
            "description": "Loads environment variables from `.env` to `getenv()`, `$_ENV` and `$_SERVER` automagically.",
            "homepage": "http://github.com/vlucas/phpdotenv",
            "keywords": [
                "dotenv",
                "env",
                "environment"
            ],
            "time": "2015-10-28 18:53:35"
        },
        {
            "name": "zonuexe/baguette",
            "version": "0.1.2",
            "source": {
                "type": "git",
                "url": "https://github.com/BaguettePHP/baguette.git",
                "reference": "5b7501ed21d3ac02bdf324b978dbed43f38cf3ed"
            },
            "dist": {
                "type": "zip",
                "url": "https://api.github.com/repos/BaguettePHP/baguette/zipball/5b7501ed21d3ac02bdf324b978dbed43f38cf3ed",
                "reference": "5b7501ed21d3ac02bdf324b978dbed43f38cf3ed",
                "shasum": ""
            },
            "require": {
                "psr/log": "~1.0.0"
            },
            "require-dev": {
                "phploc/phploc": "~2.1.4",
                "phpmd/phpmd": "@stable",
                "phpunit/phpunit": "~4.8.6",
                "satooshi/php-coveralls": "dev-master",
                "theseer/phpdox": "~0.8.1.1",
                "twig/twig": "~1.21.1",
                "zonuexe/http-accept-language": "~0.4.1",
                "zonuexe/simple-routing": "~0.4.0"
            },
            "suggest": {
                "monolog/monolog": "logger",
                "twig/twig": "template engine",
                "zonuexe/http-accept-language": "HTTP Accept-Language header parser",
                "zonuexe/simple-routing": "simple router for web app"
            },
            "type": "library",
            "autoload": {
                "psr-4": {
                    "Baguette\\": "src/"
                }
            },
            "notification-url": "https://packagist.org/downloads/",
            "license": [
                "Apache-2.0"
            ],
            "authors": [
                {
                    "name": "USAMI Kenta",
                    "email": "tadsan@zonu.me"
                }
            ],
            "description": "Simple classes for WebApp",
            "keywords": [
                "microframework",
                "webapp"
            ],
            "time": "2015-10-18 12:40:28"
        },
        {
            "name": "zonuexe/objectsystem",
            "version": "0.2.1",
            "source": {
                "type": "git",
                "url": "https://github.com/BaguettePHP/php-objectsystem.git",
                "reference": "fa15de742a3227de3895825bfa173a6b049a248f"
            },
            "dist": {
                "type": "zip",
                "url": "https://api.github.com/repos/BaguettePHP/php-objectsystem/zipball/fa15de742a3227de3895825bfa173a6b049a248f",
                "reference": "fa15de742a3227de3895825bfa173a6b049a248f",
                "shasum": ""
            },
            "require-dev": {
                "phploc/phploc": "~2.0.6",
                "phpmd/phpmd": "@stable",
                "phpunit/phpunit": "~4.3.5",
                "theseer/phpdox": "~0.7.0"
            },
            "type": "library",
            "autoload": {
                "psr-4": {
                    "Teto\\": "src/"
                }
            },
            "notification-url": "https://packagist.org/downloads/",
            "license": [
                "Apache-2.0"
            ],
            "authors": [
                {
                    "name": "USAMI Kenta",
                    "email": "tadsan@zonu.me"
                }
            ],
            "description": "Object system for PHP",
            "time": "2015-02-02 17:43:33"
        },
        {
            "name": "zonuexe/simple-routing",
            "version": "0.4.1",
            "source": {
                "type": "git",
                "url": "https://github.com/BaguettePHP/simple-routing.git",
                "reference": "d23f28f4a799678a9f8d038c1a6cbc0d198957eb"
            },
            "dist": {
                "type": "zip",
                "url": "https://api.github.com/repos/BaguettePHP/simple-routing/zipball/d23f28f4a799678a9f8d038c1a6cbc0d198957eb",
                "reference": "d23f28f4a799678a9f8d038c1a6cbc0d198957eb",
                "shasum": ""
            },
            "require": {
                "zonuexe/objectsystem": "~0.2.1"
            },
            "require-dev": {
                "phploc/phploc": "~2.1.4",
                "phpmd/phpmd": "@stable",
                "phpunit/phpunit": "~4.8.6",
                "satooshi/php-coveralls": "dev-master",
                "theseer/phpdox": "~0.8.1.1"
            },
            "type": "library",
            "autoload": {
                "psr-4": {
                    "Teto\\Routing\\": "src/"
                }
            },
            "notification-url": "https://packagist.org/downloads/",
            "license": [
                "Apache-2.0"
            ],
            "authors": [
                {
                    "name": "USAMI Kenta",
                    "email": "tadsan@zonu.me"
                }
            ],
            "description": "Simple Web Application Router",
            "keywords": [
                "router"
            ],
            "time": "2015-10-01 05:57:56"
        }
    ],
    "packages-dev": [],
    "aliases": [],
    "minimum-stability": "stable",
    "stability-flags": [],
    "prefer-stable": false,
    "prefer-lowest": false,
    "platform": [],
    "platform-dev": []
}
